
Microsoft Visual Studio Solution File, Format Version 12.00
# Visual Studio Version 17
VisualStudioVersion = 17.0.32014.148
MinimumVisualStudioVersion = 10.0.40219.1
Project("{2150E333-8FDC-42A3-9474-1A3956D46DE8}") = "Monorepo", "Monorepo", "{704E92B3-CC6A-4242-8FE8-7E2F27CCCDB8}"
EndProject
Project("{9A19103F-16F7-4668-BE54-9A1E7A4F7556}") = "Cli", "src\Monorepo\Cli\src\Cli.csproj", "{1BFAEE7E-93D6-483E-B28A-775A80EAD238}"
EndProject
Project("{2150E333-8FDC-42A3-9474-1A3956D46DE8}") = "Texo", "Texo", "{C33DA913-97E9-4EEC-B68A-388D8158DE32}"
EndProject
Project("{9A19103F-16F7-4668-BE54-9A1E7A4F7556}") = "Core.Markdown", "src\Texo\Core.Markdown\src\Core.Markdown.csproj", "{164B0E1D-97A8-4722-9744-05836B14A924}"
EndProject
Project("{2150E333-8FDC-42A3-9474-1A3956D46DE8}") = ".configuration", ".configuration", "{DCCB6061-6B5B-4B32-84ED-7CDD4A9E7132}"
	ProjectSection(SolutionItems) = preProject
		Directory.Build.props = Directory.Build.props
		Directory.Packages.props = Directory.Packages.props
		global.json = global.json
		mrepo.json = mrepo.json
		version.json = version.json
	EndProjectSection
EndProject
Project("{9A19103F-16F7-4668-BE54-9A1E7A4F7556}") = "Repo.Generator", "src\Monorepo\Repo.Generator\src\Repo.Generator.csproj", "{0AAF8A3C-37A4-4A71-A4DA-87BD1B022664}"
EndProject
Project("{2150E333-8FDC-42A3-9474-1A3956D46DE8}") = "Libraries", "Libraries", "{455AC0E9-D8D2-45E0-BAA1-1B556347A3EB}"
EndProject
Project("{2150E333-8FDC-42A3-9474-1A3956D46DE8}") = "Functional", "Functional", "{7A336D89-4D0B-435F-802C-77153C00F9D1}"
EndProject
Project("{2150E333-8FDC-42A3-9474-1A3956D46DE8}") = "Roslyn", "Roslyn", "{7F191C96-1AF2-4BF3-A4BF-7C7F0F741421}"
EndProject
Project("{2150E333-8FDC-42A3-9474-1A3956D46DE8}") = "Structures", "Structures", "{3D187178-F0AC-4195-856F-5D44279D19A4}"
EndProject
Project("{9A19103F-16F7-4668-BE54-9A1E7A4F7556}") = "Graph", "src\Libraries\Structures\Graph\src\Graph.csproj", "{BDC5BEC5-7AEC-4046-BB0A-1AF459399A96}"
EndProject
Project("{9A19103F-16F7-4668-BE54-9A1E7A4F7556}") = "Compose", "src\Libraries\Roslyn\Compose\src\Compose.csproj", "{0611150A-92A4-4072-8634-6DF33F48A5ED}"
EndProject
Project("{9A19103F-16F7-4668-BE54-9A1E7A4F7556}") = "Monads", "src\Libraries\Functional\Monads\src\Monads.csproj", "{727BC66C-6438-41A1-B1C7-0EC902C75995}"
EndProject
Project("{9A19103F-16F7-4668-BE54-9A1E7A4F7556}") = "Monads.Trees", "src\Libraries\Functional\Monads.Trees\src\Monads.Trees.csproj", "{B86F825E-68DE-47F3-8255-5C0B15F20583}"
EndProject
Project("{2150E333-8FDC-42A3-9474-1A3956D46DE8}") = "Games", "Games", "{A16DE85F-5916-4B7A-BB04-89231E57865C}"
EndProject
Project("{9A19103F-16F7-4668-BE54-9A1E7A4F7556}") = "Cetris", "src\Games\Cetris\src\Cetris.csproj", "{9FCD2DF7-1AEB-466A-9BDC-E0DAEC2A9FE2}"
EndProject
Project("{2150E333-8FDC-42A3-9474-1A3956D46DE8}") = "c0ded0c", "c0ded0c", "{C5205808-0250-45B4-A202-6EB4FC0DA639}"
EndProject
Project("{9A19103F-16F7-4668-BE54-9A1E7A4F7556}") = "Cli", "src\c0ded0c\Cli\src\Cli.csproj", "{9FFA9A38-41B2-411B-9737-F195841D73B9}"
EndProject
Project("{9A19103F-16F7-4668-BE54-9A1E7A4F7556}") = "Core", "src\c0ded0c\Core\src\Core.csproj", "{20A7924D-C7D5-4A74-BD78-05A514065C96}"
EndProject
Project("{9A19103F-16F7-4668-BE54-9A1E7A4F7556}") = "MsBuild", "src\c0ded0c\MsBuild\src\MsBuild.csproj", "{E7E7ACEC-AADD-4035-B32D-ED59789081CE}"
EndProject
Project("{9A19103F-16F7-4668-BE54-9A1E7A4F7556}") = "Core.Yaml", "src\c0ded0c\Core.Yaml\src\Core.Yaml.csproj", "{E034E077-321B-4599-AF85-CCDD6ADBA970}"
EndProject
Project("{9A19103F-16F7-4668-BE54-9A1E7A4F7556}") = "PlantUml", "src\c0ded0c\PlantUml\src\PlantUml.csproj", "{909B9356-4383-4F48-A328-FB1BC20D2033}"
EndProject
Project("{2150E333-8FDC-42A3-9474-1A3956D46DE8}") = "Testing", "Testing", "{DD9128DA-19D4-4492-AE2A-1C9EC8BF6457}"
EndProject
Project("{9A19103F-16F7-4668-BE54-9A1E7A4F7556}") = "System.IO.Abstractions.Trace", "src\Libraries\Testing\System.IO.Abstractions.Trace\src\System.IO.Abstractions.Trace.csproj", "{1D0A2CD9-DC07-41D0-A3F0-CACF920BAD78}"
EndProject
Project("{2150E333-8FDC-42A3-9474-1A3956D46DE8}") = "CLI", "CLI", "{34C1981D-87F8-413A-8C6B-A98C1FA27986}"
EndProject
Project("{9A19103F-16F7-4668-BE54-9A1E7A4F7556}") = "Toolkit", "src\Libraries\CLI\Toolkit\src\Toolkit.csproj", "{E7A2E9E2-51FF-4AC6-9885-6AFFBFE28D51}"
EndProject
Project("{2150E333-8FDC-42A3-9474-1A3956D46DE8}") = "Utils", "Utils", "{8B44531A-424D-4CD1-A53D-8C435D037B4F}"
EndProject
Project("{9A19103F-16F7-4668-BE54-9A1E7A4F7556}") = "Async", "src\Libraries\Utils\Async\src\Async.csproj", "{2A7ED963-D792-4EA0-A446-73BD9C975B8C}"
EndProject
Project("{9A19103F-16F7-4668-BE54-9A1E7A4F7556}") = "Async.UnitTests", "src\Libraries\Utils\Async\test\Async.UnitTests.csproj", "{3D78AE79-6E7D-421F-9489-F0C4044E9D9A}"
EndProject
Project("{9A19103F-16F7-4668-BE54-9A1E7A4F7556}") = "Toolkit.Example", "src\Libraries\CLI\Toolkit.Example\src\Toolkit.Example.csproj", "{722CA857-A8F3-46EE-B817-CBE82CA67FFD}"
EndProject
Project("{2150E333-8FDC-42A3-9474-1A3956D46DE8}") = "Platform", "Platform", "{75D0ACA4-6F4C-4CE8-874D-5F582A29CAEC}"
EndProject
Project("{2150E333-8FDC-42A3-9474-1A3956D46DE8}") = "Storyteller", "Storyteller", "{1F8DA45A-60A4-41DA-B1F9-55EA8DC3BC19}"
EndProject
Project("{2150E333-8FDC-42A3-9474-1A3956D46DE8}") = "Supervisor", "Supervisor", "{F93F9553-7F20-44FB-BF00-C120EFA0F029}"
EndProject
Project("{2150E333-8FDC-42A3-9474-1A3956D46DE8}") = "Scheduler", "Scheduler", "{2B232D13-0087-4EF0-B630-1AB21FB353EF}"
EndProject
Project("{9A19103F-16F7-4668-BE54-9A1E7A4F7556}") = "Cli", "src\Platform\Cli\src\Cli.csproj", "{C0AF7B76-E1C2-4E46-BAAB-E78590AA462A}"
EndProject
Project("{9A19103F-16F7-4668-BE54-9A1E7A4F7556}") = "Sdk", "src\Platform\Sdk\src\Sdk.csproj", "{E7C81B74-7CB5-4461-A074-F0C82A416166}"
EndProject
Project("{9A19103F-16F7-4668-BE54-9A1E7A4F7556}") = "Abstraction", "src\Platform\Storyteller\Abstraction\src\Abstraction.csproj", "{CE87ACBE-8154-481E-BCCB-F33035C0015E}"
EndProject
Project("{9A19103F-16F7-4668-BE54-9A1E7A4F7556}") = "Api.Functions", "src\Platform\Storyteller\Api.Functions\src\Api.Functions.csproj", "{FBB172D2-BA08-4A52-B736-9DC8F8166A98}"
EndProject
Project("{9A19103F-16F7-4668-BE54-9A1E7A4F7556}") = "CosmosDb", "src\Platform\Storyteller\CosmosDb\src\CosmosDb.csproj", "{5976C5AB-21E6-49D7-916A-FE2AC46980CC}"
EndProject
Project("{9A19103F-16F7-4668-BE54-9A1E7A4F7556}") = "Simulator", "src\Platform\Storyteller\Simulator\src\Simulator.csproj", "{771BE709-2040-4502-A575-11A615EA4364}"
EndProject
Project("{9A19103F-16F7-4668-BE54-9A1E7A4F7556}") = "Api.Web", "src\Platform\Storyteller\Api.Web\src\Api.Web.csproj", "{606FC700-242B-4145-8EAC-A35A5553DCA4}"
EndProject
Project("{9A19103F-16F7-4668-BE54-9A1E7A4F7556}") = "Abstraction", "src\Platform\Supervisor\Abstraction\src\Abstraction.csproj", "{CBE00C29-D130-4A8A-97A3-E88C5002E637}"
EndProject
Project("{9A19103F-16F7-4668-BE54-9A1E7A4F7556}") = "Api.Functions", "src\Platform\Supervisor\Api.Functions\src\Api.Functions.csproj", "{ABE61959-99DE-4AA7-84D1-5151EF3A32A7}"
EndProject
Project("{9A19103F-16F7-4668-BE54-9A1E7A4F7556}") = "Api.Functions", "src\Platform\Scheduler\Api.Functions\src\Api.Functions.csproj", "{F2E74DA3-AC5C-473E-89B8-EC841408F3A6}"
EndProject
Project("{9A19103F-16F7-4668-BE54-9A1E7A4F7556}") = "AzureAd", "src\Platform\Storyteller\AzureAd\src\AzureAd.csproj", "{0C161367-1212-402A-A49F-E53526C34E59}"
EndProject
Project("{2150E333-8FDC-42A3-9474-1A3956D46DE8}") = "Examples", "Examples", "{68FB165B-9682-4727-9460-BFD6DF559CDA}"
EndProject
Project("{9A19103F-16F7-4668-BE54-9A1E7A4F7556}") = "CustomClientApp", "src\Platform\Examples\CustomClientApp\src\CustomClientApp.csproj", "{C45B41B9-0B9E-403A-9678-C29699D09F14}"
EndProject
Project("{54A90642-561A-4BB1-A94E-469ADEE60C69}") = "ui.admin", "src\Platform\Ui.Admin\ui.admin.esproj", "{5AC57B98-49AC-43A1-BF2A-32BE4F420895}"
EndProject
Project("{9A19103F-16F7-4668-BE54-9A1E7A4F7556}") = "Backend.Core", "src\Platform\Storyteller\Backend.Core\src\Backend.Core.csproj", "{3B9EF68A-E5C3-4767-9949-089BAEF4D78F}"
EndProject
Global
	GlobalSection(SolutionConfigurationPlatforms) = preSolution
		Debug|Any CPU = Debug|Any CPU
		Release|Any CPU = Release|Any CPU
	EndGlobalSection
	GlobalSection(ProjectConfigurationPlatforms) = postSolution
		{1BFAEE7E-93D6-483E-B28A-775A80EAD238}.Debug|Any CPU.ActiveCfg = Debug|Any CPU
		{1BFAEE7E-93D6-483E-B28A-775A80EAD238}.Debug|Any CPU.Build.0 = Debug|Any CPU
		{1BFAEE7E-93D6-483E-B28A-775A80EAD238}.Release|Any CPU.ActiveCfg = Release|Any CPU
		{1BFAEE7E-93D6-483E-B28A-775A80EAD238}.Release|Any CPU.Build.0 = Release|Any CPU
		{164B0E1D-97A8-4722-9744-05836B14A924}.Debug|Any CPU.ActiveCfg = Debug|Any CPU
		{164B0E1D-97A8-4722-9744-05836B14A924}.Debug|Any CPU.Build.0 = Debug|Any CPU
		{164B0E1D-97A8-4722-9744-05836B14A924}.Release|Any CPU.ActiveCfg = Release|Any CPU
		{164B0E1D-97A8-4722-9744-05836B14A924}.Release|Any CPU.Build.0 = Release|Any CPU
		{0AAF8A3C-37A4-4A71-A4DA-87BD1B022664}.Debug|Any CPU.ActiveCfg = Debug|Any CPU
		{0AAF8A3C-37A4-4A71-A4DA-87BD1B022664}.Debug|Any CPU.Build.0 = Debug|Any CPU
		{0AAF8A3C-37A4-4A71-A4DA-87BD1B022664}.Release|Any CPU.ActiveCfg = Release|Any CPU
		{0AAF8A3C-37A4-4A71-A4DA-87BD1B022664}.Release|Any CPU.Build.0 = Release|Any CPU
		{BDC5BEC5-7AEC-4046-BB0A-1AF459399A96}.Debug|Any CPU.ActiveCfg = Debug|Any CPU
		{BDC5BEC5-7AEC-4046-BB0A-1AF459399A96}.Debug|Any CPU.Build.0 = Debug|Any CPU
		{BDC5BEC5-7AEC-4046-BB0A-1AF459399A96}.Release|Any CPU.ActiveCfg = Release|Any CPU
		{BDC5BEC5-7AEC-4046-BB0A-1AF459399A96}.Release|Any CPU.Build.0 = Release|Any CPU
		{0611150A-92A4-4072-8634-6DF33F48A5ED}.Debug|Any CPU.ActiveCfg = Debug|Any CPU
		{0611150A-92A4-4072-8634-6DF33F48A5ED}.Debug|Any CPU.Build.0 = Debug|Any CPU
		{0611150A-92A4-4072-8634-6DF33F48A5ED}.Release|Any CPU.ActiveCfg = Release|Any CPU
		{0611150A-92A4-4072-8634-6DF33F48A5ED}.Release|Any CPU.Build.0 = Release|Any CPU
		{727BC66C-6438-41A1-B1C7-0EC902C75995}.Debug|Any CPU.ActiveCfg = Debug|Any CPU
		{727BC66C-6438-41A1-B1C7-0EC902C75995}.Debug|Any CPU.Build.0 = Debug|Any CPU
		{727BC66C-6438-41A1-B1C7-0EC902C75995}.Release|Any CPU.ActiveCfg = Release|Any CPU
		{727BC66C-6438-41A1-B1C7-0EC902C75995}.Release|Any CPU.Build.0 = Release|Any CPU
		{B86F825E-68DE-47F3-8255-5C0B15F20583}.Debug|Any CPU.ActiveCfg = Debug|Any CPU
		{B86F825E-68DE-47F3-8255-5C0B15F20583}.Debug|Any CPU.Build.0 = Debug|Any CPU
		{B86F825E-68DE-47F3-8255-5C0B15F20583}.Release|Any CPU.ActiveCfg = Release|Any CPU
		{B86F825E-68DE-47F3-8255-5C0B15F20583}.Release|Any CPU.Build.0 = Release|Any CPU
		{9FCD2DF7-1AEB-466A-9BDC-E0DAEC2A9FE2}.Debug|Any CPU.ActiveCfg = Debug|Any CPU
		{9FCD2DF7-1AEB-466A-9BDC-E0DAEC2A9FE2}.Debug|Any CPU.Build.0 = Debug|Any CPU
		{9FCD2DF7-1AEB-466A-9BDC-E0DAEC2A9FE2}.Release|Any CPU.ActiveCfg = Release|Any CPU
		{9FCD2DF7-1AEB-466A-9BDC-E0DAEC2A9FE2}.Release|Any CPU.Build.0 = Release|Any CPU
		{9FFA9A38-41B2-411B-9737-F195841D73B9}.Debug|Any CPU.ActiveCfg = Debug|Any CPU
		{9FFA9A38-41B2-411B-9737-F195841D73B9}.Debug|Any CPU.Build.0 = Debug|Any CPU
		{9FFA9A38-41B2-411B-9737-F195841D73B9}.Release|Any CPU.ActiveCfg = Release|Any CPU
		{9FFA9A38-41B2-411B-9737-F195841D73B9}.Release|Any CPU.Build.0 = Release|Any CPU
		{20A7924D-C7D5-4A74-BD78-05A514065C96}.Debug|Any CPU.ActiveCfg = Debug|Any CPU
		{20A7924D-C7D5-4A74-BD78-05A514065C96}.Debug|Any CPU.Build.0 = Debug|Any CPU
		{20A7924D-C7D5-4A74-BD78-05A514065C96}.Release|Any CPU.ActiveCfg = Release|Any CPU
		{20A7924D-C7D5-4A74-BD78-05A514065C96}.Release|Any CPU.Build.0 = Release|Any CPU
		{E7E7ACEC-AADD-4035-B32D-ED59789081CE}.Debug|Any CPU.ActiveCfg = Debug|Any CPU
		{E7E7ACEC-AADD-4035-B32D-ED59789081CE}.Debug|Any CPU.Build.0 = Debug|Any CPU
		{E7E7ACEC-AADD-4035-B32D-ED59789081CE}.Release|Any CPU.ActiveCfg = Release|Any CPU
		{E7E7ACEC-AADD-4035-B32D-ED59789081CE}.Release|Any CPU.Build.0 = Release|Any CPU
		{E034E077-321B-4599-AF85-CCDD6ADBA970}.Debug|Any CPU.ActiveCfg = Debug|Any CPU
		{E034E077-321B-4599-AF85-CCDD6ADBA970}.Debug|Any CPU.Build.0 = Debug|Any CPU
		{E034E077-321B-4599-AF85-CCDD6ADBA970}.Release|Any CPU.ActiveCfg = Release|Any CPU
		{E034E077-321B-4599-AF85-CCDD6ADBA970}.Release|Any CPU.Build.0 = Release|Any CPU
		{909B9356-4383-4F48-A328-FB1BC20D2033}.Debug|Any CPU.ActiveCfg = Debug|Any CPU
		{909B9356-4383-4F48-A328-FB1BC20D2033}.Debug|Any CPU.Build.0 = Debug|Any CPU
		{909B9356-4383-4F48-A328-FB1BC20D2033}.Release|Any CPU.ActiveCfg = Release|Any CPU
		{909B9356-4383-4F48-A328-FB1BC20D2033}.Release|Any CPU.Build.0 = Release|Any CPU
		{1D0A2CD9-DC07-41D0-A3F0-CACF920BAD78}.Debug|Any CPU.ActiveCfg = Debug|Any CPU
		{1D0A2CD9-DC07-41D0-A3F0-CACF920BAD78}.Debug|Any CPU.Build.0 = Debug|Any CPU
		{1D0A2CD9-DC07-41D0-A3F0-CACF920BAD78}.Release|Any CPU.ActiveCfg = Release|Any CPU
		{1D0A2CD9-DC07-41D0-A3F0-CACF920BAD78}.Release|Any CPU.Build.0 = Release|Any CPU
		{E7A2E9E2-51FF-4AC6-9885-6AFFBFE28D51}.Debug|Any CPU.ActiveCfg = Debug|Any CPU
		{E7A2E9E2-51FF-4AC6-9885-6AFFBFE28D51}.Debug|Any CPU.Build.0 = Debug|Any CPU
		{E7A2E9E2-51FF-4AC6-9885-6AFFBFE28D51}.Release|Any CPU.ActiveCfg = Release|Any CPU
		{E7A2E9E2-51FF-4AC6-9885-6AFFBFE28D51}.Release|Any CPU.Build.0 = Release|Any CPU
		{2A7ED963-D792-4EA0-A446-73BD9C975B8C}.Debug|Any CPU.ActiveCfg = Debug|Any CPU
		{2A7ED963-D792-4EA0-A446-73BD9C975B8C}.Debug|Any CPU.Build.0 = Debug|Any CPU
		{2A7ED963-D792-4EA0-A446-73BD9C975B8C}.Release|Any CPU.ActiveCfg = Release|Any CPU
		{2A7ED963-D792-4EA0-A446-73BD9C975B8C}.Release|Any CPU.Build.0 = Release|Any CPU
		{3D78AE79-6E7D-421F-9489-F0C4044E9D9A}.Debug|Any CPU.ActiveCfg = Debug|Any CPU
		{3D78AE79-6E7D-421F-9489-F0C4044E9D9A}.Debug|Any CPU.Build.0 = Debug|Any CPU
		{3D78AE79-6E7D-421F-9489-F0C4044E9D9A}.Release|Any CPU.ActiveCfg = Release|Any CPU
		{3D78AE79-6E7D-421F-9489-F0C4044E9D9A}.Release|Any CPU.Build.0 = Release|Any CPU
		{722CA857-A8F3-46EE-B817-CBE82CA67FFD}.Debug|Any CPU.ActiveCfg = Debug|Any CPU
		{722CA857-A8F3-46EE-B817-CBE82CA67FFD}.Debug|Any CPU.Build.0 = Debug|Any CPU
		{722CA857-A8F3-46EE-B817-CBE82CA67FFD}.Release|Any CPU.ActiveCfg = Release|Any CPU
		{722CA857-A8F3-46EE-B817-CBE82CA67FFD}.Release|Any CPU.Build.0 = Release|Any CPU
		{C0AF7B76-E1C2-4E46-BAAB-E78590AA462A}.Debug|Any CPU.ActiveCfg = Debug|Any CPU
		{C0AF7B76-E1C2-4E46-BAAB-E78590AA462A}.Debug|Any CPU.Build.0 = Debug|Any CPU
		{C0AF7B76-E1C2-4E46-BAAB-E78590AA462A}.Release|Any CPU.ActiveCfg = Release|Any CPU
		{C0AF7B76-E1C2-4E46-BAAB-E78590AA462A}.Release|Any CPU.Build.0 = Release|Any CPU
		{E7C81B74-7CB5-4461-A074-F0C82A416166}.Debug|Any CPU.ActiveCfg = Debug|Any CPU
		{E7C81B74-7CB5-4461-A074-F0C82A416166}.Debug|Any CPU.Build.0 = Debug|Any CPU
		{E7C81B74-7CB5-4461-A074-F0C82A416166}.Release|Any CPU.ActiveCfg = Release|Any CPU
		{E7C81B74-7CB5-4461-A074-F0C82A416166}.Release|Any CPU.Build.0 = Release|Any CPU
		{CE87ACBE-8154-481E-BCCB-F33035C0015E}.Debug|Any CPU.ActiveCfg = Debug|Any CPU
		{CE87ACBE-8154-481E-BCCB-F33035C0015E}.Debug|Any CPU.Build.0 = Debug|Any CPU
		{CE87ACBE-8154-481E-BCCB-F33035C0015E}.Release|Any CPU.ActiveCfg = Release|Any CPU
		{CE87ACBE-8154-481E-BCCB-F33035C0015E}.Release|Any CPU.Build.0 = Release|Any CPU
		{FBB172D2-BA08-4A52-B736-9DC8F8166A98}.Debug|Any CPU.ActiveCfg = Debug|Any CPU
		{FBB172D2-BA08-4A52-B736-9DC8F8166A98}.Debug|Any CPU.Build.0 = Debug|Any CPU
		{FBB172D2-BA08-4A52-B736-9DC8F8166A98}.Release|Any CPU.ActiveCfg = Release|Any CPU
		{FBB172D2-BA08-4A52-B736-9DC8F8166A98}.Release|Any CPU.Build.0 = Release|Any CPU
		{5976C5AB-21E6-49D7-916A-FE2AC46980CC}.Debug|Any CPU.ActiveCfg = Debug|Any CPU
		{5976C5AB-21E6-49D7-916A-FE2AC46980CC}.Debug|Any CPU.Build.0 = Debug|Any CPU
		{5976C5AB-21E6-49D7-916A-FE2AC46980CC}.Release|Any CPU.ActiveCfg = Release|Any CPU
		{5976C5AB-21E6-49D7-916A-FE2AC46980CC}.Release|Any CPU.Build.0 = Release|Any CPU
		{771BE709-2040-4502-A575-11A615EA4364}.Debug|Any CPU.ActiveCfg = Debug|Any CPU
		{771BE709-2040-4502-A575-11A615EA4364}.Debug|Any CPU.Build.0 = Debug|Any CPU
		{771BE709-2040-4502-A575-11A615EA4364}.Release|Any CPU.ActiveCfg = Release|Any CPU
		{771BE709-2040-4502-A575-11A615EA4364}.Release|Any CPU.Build.0 = Release|Any CPU
		{606FC700-242B-4145-8EAC-A35A5553DCA4}.Debug|Any CPU.ActiveCfg = Debug|Any CPU
		{606FC700-242B-4145-8EAC-A35A5553DCA4}.Debug|Any CPU.Build.0 = Debug|Any CPU
		{606FC700-242B-4145-8EAC-A35A5553DCA4}.Release|Any CPU.ActiveCfg = Release|Any CPU
		{606FC700-242B-4145-8EAC-A35A5553DCA4}.Release|Any CPU.Build.0 = Release|Any CPU
		{CBE00C29-D130-4A8A-97A3-E88C5002E637}.Debug|Any CPU.ActiveCfg = Debug|Any CPU
		{CBE00C29-D130-4A8A-97A3-E88C5002E637}.Debug|Any CPU.Build.0 = Debug|Any CPU
		{CBE00C29-D130-4A8A-97A3-E88C5002E637}.Release|Any CPU.ActiveCfg = Release|Any CPU
		{CBE00C29-D130-4A8A-97A3-E88C5002E637}.Release|Any CPU.Build.0 = Release|Any CPU
		{ABE61959-99DE-4AA7-84D1-5151EF3A32A7}.Debug|Any CPU.ActiveCfg = Debug|Any CPU
		{ABE61959-99DE-4AA7-84D1-5151EF3A32A7}.Debug|Any CPU.Build.0 = Debug|Any CPU
		{ABE61959-99DE-4AA7-84D1-5151EF3A32A7}.Release|Any CPU.ActiveCfg = Release|Any CPU
		{ABE61959-99DE-4AA7-84D1-5151EF3A32A7}.Release|Any CPU.Build.0 = Release|Any CPU
		{F2E74DA3-AC5C-473E-89B8-EC841408F3A6}.Debug|Any CPU.ActiveCfg = Debug|Any CPU
		{F2E74DA3-AC5C-473E-89B8-EC841408F3A6}.Debug|Any CPU.Build.0 = Debug|Any CPU
		{F2E74DA3-AC5C-473E-89B8-EC841408F3A6}.Release|Any CPU.ActiveCfg = Release|Any CPU
		{F2E74DA3-AC5C-473E-89B8-EC841408F3A6}.Release|Any CPU.Build.0 = Release|Any CPU
		{0C161367-1212-402A-A49F-E53526C34E59}.Debug|Any CPU.ActiveCfg = Debug|Any CPU
		{0C161367-1212-402A-A49F-E53526C34E59}.Debug|Any CPU.Build.0 = Debug|Any CPU
		{0C161367-1212-402A-A49F-E53526C34E59}.Release|Any CPU.ActiveCfg = Release|Any CPU
		{0C161367-1212-402A-A49F-E53526C34E59}.Release|Any CPU.Build.0 = Release|Any CPU
		{C45B41B9-0B9E-403A-9678-C29699D09F14}.Debug|Any CPU.ActiveCfg = Debug|Any CPU
		{C45B41B9-0B9E-403A-9678-C29699D09F14}.Debug|Any CPU.Build.0 = Debug|Any CPU
		{C45B41B9-0B9E-403A-9678-C29699D09F14}.Release|Any CPU.ActiveCfg = Release|Any CPU
		{C45B41B9-0B9E-403A-9678-C29699D09F14}.Release|Any CPU.Build.0 = Release|Any CPU
		{5AC57B98-49AC-43A1-BF2A-32BE4F420895}.Debug|Any CPU.ActiveCfg = Debug|Any CPU
		{5AC57B98-49AC-43A1-BF2A-32BE4F420895}.Debug|Any CPU.Build.0 = Debug|Any CPU
		{5AC57B98-49AC-43A1-BF2A-32BE4F420895}.Debug|Any CPU.Deploy.0 = Debug|Any CPU
		{5AC57B98-49AC-43A1-BF2A-32BE4F420895}.Release|Any CPU.ActiveCfg = Release|Any CPU
		{5AC57B98-49AC-43A1-BF2A-32BE4F420895}.Release|Any CPU.Build.0 = Release|Any CPU
		{5AC57B98-49AC-43A1-BF2A-32BE4F420895}.Release|Any CPU.Deploy.0 = Release|Any CPU
		{3B9EF68A-E5C3-4767-9949-089BAEF4D78F}.Debug|Any CPU.ActiveCfg = Debug|Any CPU
		{3B9EF68A-E5C3-4767-9949-089BAEF4D78F}.Debug|Any CPU.Build.0 = Debug|Any CPU
		{3B9EF68A-E5C3-4767-9949-089BAEF4D78F}.Release|Any CPU.ActiveCfg = Release|Any CPU
		{3B9EF68A-E5C3-4767-9949-089BAEF4D78F}.Release|Any CPU.Build.0 = Release|Any CPU
	EndGlobalSection
	GlobalSection(SolutionProperties) = preSolution
		HideSolutionNode = FALSE
	EndGlobalSection
	GlobalSection(NestedProjects) = preSolution
		{1BFAEE7E-93D6-483E-B28A-775A80EAD238} = {704E92B3-CC6A-4242-8FE8-7E2F27CCCDB8}
		{164B0E1D-97A8-4722-9744-05836B14A924} = {C33DA913-97E9-4EEC-B68A-388D8158DE32}
		{0AAF8A3C-37A4-4A71-A4DA-87BD1B022664} = {704E92B3-CC6A-4242-8FE8-7E2F27CCCDB8}
		{7A336D89-4D0B-435F-802C-77153C00F9D1} = {455AC0E9-D8D2-45E0-BAA1-1B556347A3EB}
		{7F191C96-1AF2-4BF3-A4BF-7C7F0F741421} = {455AC0E9-D8D2-45E0-BAA1-1B556347A3EB}
		{3D187178-F0AC-4195-856F-5D44279D19A4} = {455AC0E9-D8D2-45E0-BAA1-1B556347A3EB}
		{BDC5BEC5-7AEC-4046-BB0A-1AF459399A96} = {3D187178-F0AC-4195-856F-5D44279D19A4}
		{0611150A-92A4-4072-8634-6DF33F48A5ED} = {7F191C96-1AF2-4BF3-A4BF-7C7F0F741421}
		{727BC66C-6438-41A1-B1C7-0EC902C75995} = {7A336D89-4D0B-435F-802C-77153C00F9D1}
		{B86F825E-68DE-47F3-8255-5C0B15F20583} = {7A336D89-4D0B-435F-802C-77153C00F9D1}
		{9FCD2DF7-1AEB-466A-9BDC-E0DAEC2A9FE2} = {A16DE85F-5916-4B7A-BB04-89231E57865C}
		{9FFA9A38-41B2-411B-9737-F195841D73B9} = {C5205808-0250-45B4-A202-6EB4FC0DA639}
		{20A7924D-C7D5-4A74-BD78-05A514065C96} = {C5205808-0250-45B4-A202-6EB4FC0DA639}
		{E7E7ACEC-AADD-4035-B32D-ED59789081CE} = {C5205808-0250-45B4-A202-6EB4FC0DA639}
		{E034E077-321B-4599-AF85-CCDD6ADBA970} = {C5205808-0250-45B4-A202-6EB4FC0DA639}
		{909B9356-4383-4F48-A328-FB1BC20D2033} = {C5205808-0250-45B4-A202-6EB4FC0DA639}
		{DD9128DA-19D4-4492-AE2A-1C9EC8BF6457} = {455AC0E9-D8D2-45E0-BAA1-1B556347A3EB}
		{1D0A2CD9-DC07-41D0-A3F0-CACF920BAD78} = {DD9128DA-19D4-4492-AE2A-1C9EC8BF6457}
		{34C1981D-87F8-413A-8C6B-A98C1FA27986} = {455AC0E9-D8D2-45E0-BAA1-1B556347A3EB}
		{E7A2E9E2-51FF-4AC6-9885-6AFFBFE28D51} = {34C1981D-87F8-413A-8C6B-A98C1FA27986}
		{8B44531A-424D-4CD1-A53D-8C435D037B4F} = {455AC0E9-D8D2-45E0-BAA1-1B556347A3EB}
		{2A7ED963-D792-4EA0-A446-73BD9C975B8C} = {8B44531A-424D-4CD1-A53D-8C435D037B4F}
		{3D78AE79-6E7D-421F-9489-F0C4044E9D9A} = {8B44531A-424D-4CD1-A53D-8C435D037B4F}
		{722CA857-A8F3-46EE-B817-CBE82CA67FFD} = {34C1981D-87F8-413A-8C6B-A98C1FA27986}
		{1F8DA45A-60A4-41DA-B1F9-55EA8DC3BC19} = {75D0ACA4-6F4C-4CE8-874D-5F582A29CAEC}
		{F93F9553-7F20-44FB-BF00-C120EFA0F029} = {75D0ACA4-6F4C-4CE8-874D-5F582A29CAEC}
		{2B232D13-0087-4EF0-B630-1AB21FB353EF} = {75D0ACA4-6F4C-4CE8-874D-5F582A29CAEC}
		{C0AF7B76-E1C2-4E46-BAAB-E78590AA462A} = {75D0ACA4-6F4C-4CE8-874D-5F582A29CAEC}
		{E7C81B74-7CB5-4461-A074-F0C82A416166} = {75D0ACA4-6F4C-4CE8-874D-5F582A29CAEC}
		{CE87ACBE-8154-481E-BCCB-F33035C0015E} = {1F8DA45A-60A4-41DA-B1F9-55EA8DC3BC19}
		{FBB172D2-BA08-4A52-B736-9DC8F8166A98} = {1F8DA45A-60A4-41DA-B1F9-55EA8DC3BC19}
		{5976C5AB-21E6-49D7-916A-FE2AC46980CC} = {1F8DA45A-60A4-41DA-B1F9-55EA8DC3BC19}
		{771BE709-2040-4502-A575-11A615EA4364} = {1F8DA45A-60A4-41DA-B1F9-55EA8DC3BC19}
		{606FC700-242B-4145-8EAC-A35A5553DCA4} = {1F8DA45A-60A4-41DA-B1F9-55EA8DC3BC19}
		{CBE00C29-D130-4A8A-97A3-E88C5002E637} = {F93F9553-7F20-44FB-BF00-C120EFA0F029}
		{ABE61959-99DE-4AA7-84D1-5151EF3A32A7} = {F93F9553-7F20-44FB-BF00-C120EFA0F029}
		{F2E74DA3-AC5C-473E-89B8-EC841408F3A6} = {2B232D13-0087-4EF0-B630-1AB21FB353EF}
		{0C161367-1212-402A-A49F-E53526C34E59} = {1F8DA45A-60A4-41DA-B1F9-55EA8DC3BC19}
		{68FB165B-9682-4727-9460-BFD6DF559CDA} = {75D0ACA4-6F4C-4CE8-874D-5F582A29CAEC}
		{C45B41B9-0B9E-403A-9678-C29699D09F14} = {68FB165B-9682-4727-9460-BFD6DF559CDA}
		{5AC57B98-49AC-43A1-BF2A-32BE4F420895} = {75D0ACA4-6F4C-4CE8-874D-5F582A29CAEC}
		{3B9EF68A-E5C3-4767-9949-089BAEF4D78F} = {1F8DA45A-60A4-41DA-B1F9-55EA8DC3BC19}
	EndGlobalSection
	GlobalSection(ExtensibilityGlobals) = postSolution
		SolutionGuid = {F82BF58F-3E50-4150-BD21-CA489E5CCF93}
	EndGlobalSection
EndGlobal
